
Microsoft Visual Studio Solution File, Format Version 12.00
# Visual Studio Version 17
VisualStudioVersion = 17.5.002.0
MinimumVisualStudioVersion = 10.0.40219.1
Project("{9A19103F-16F7-4668-BE54-9A1E7A4F7556}") = "task1", "task1\task1.csproj", "{9397DAA3-7BA7-455B-BB52-EF4819908210}"
EndProject
Project("{9A19103F-16F7-4668-BE54-9A1E7A4F7556}") = "task2", "task2\task2.csproj", "{AA5F6F1B-A382-4BF4-A2AA-C9F1B4B785C8}"
EndProject
Project("{9A19103F-16F7-4668-BE54-9A1E7A4F7556}") = "task3", "task3\task3.csproj", "{4B6C7F01-E946-4121-8C78-F1B00E825E18}"
EndProject
Project("{9A19103F-16F7-4668-BE54-9A1E7A4F7556}") = "task4", "task4\task4.csproj", "{04B24957-066A-40B7-8E13-977D082EC1BE}"
EndProject
Global
	GlobalSection(SolutionConfigurationPlatforms) = preSolution
		Debug|Any CPU = Debug|Any CPU
		Release|Any CPU = Release|Any CPU
	EndGlobalSection
	GlobalSection(ProjectConfigurationPlatforms) = postSolution
		{9397DAA3-7BA7-455B-BB52-EF4819908210}.Debug|Any CPU.ActiveCfg = Debug|Any CPU
		{9397DAA3-7BA7-455B-BB52-EF4819908210}.Debug|Any CPU.Build.0 = Debug|Any CPU
		{9397DAA3-7BA7-455B-BB52-EF4819908210}.Release|Any CPU.ActiveCfg = Release|Any CPU
		{9397DAA3-7BA7-455B-BB52-EF4819908210}.Release|Any CPU.Build.0 = Release|Any CPU
		{AA5F6F1B-A382-4BF4-A2AA-C9F1B4B785C8}.Debug|Any CPU.ActiveCfg = Debug|Any CPU
		{AA5F6F1B-A382-4BF4-A2AA-C9F1B4B785C8}.Debug|Any CPU.Build.0 = Debug|Any CPU
		{AA5F6F1B-A382-4BF4-A2AA-C9F1B4B785C8}.Release|Any CPU.ActiveCfg = Release|Any CPU
		{AA5F6F1B-A382-4BF4-A2AA-C9F1B4B785C8}.Release|Any CPU.Build.0 = Release|Any CPU
		{4B6C7F01-E946-4121-8C78-F1B00E825E18}.Debug|Any CPU.ActiveCfg = Debug|Any CPU
		{4B6C7F01-E946-4121-8C78-F1B00E825E18}.Debug|Any CPU.Build.0 = Debug|Any CPU
		{4B6C7F01-E946-4121-8C78-F1B00E825E18}.Release|Any CPU.ActiveCfg = Release|Any CPU
		{4B6C7F01-E946-4121-8C78-F1B00E825E18}.Release|Any CPU.Build.0 = Release|Any CPU
		{04B24957-066A-40B7-8E13-977D082EC1BE}.Debug|Any CPU.ActiveCfg = Debug|Any CPU
		{04B24957-066A-40B7-8E13-977D082EC1BE}.Debug|Any CPU.Build.0 = Debug|Any CPU
		{04B24957-066A-40B7-8E13-977D082EC1BE}.Release|Any CPU.ActiveCfg = Release|Any CPU
		{04B24957-066A-40B7-8E13-977D082EC1BE}.Release|Any CPU.Build.0 = Release|Any CPU
	EndGlobalSection
	GlobalSection(SolutionProperties) = preSolution
		HideSolutionNode = FALSE
	EndGlobalSection
	GlobalSection(ExtensibilityGlobals) = postSolution
		SolutionGuid = {04B65F08-8962-415A-958C-51A44E119102}
	EndGlobalSection
EndGlobal
